// !$*UTF8*$!
{
	archiveVersion = 1;
	classes = {
	};
	objectVersion = 55;
	objects = {

/* Begin PBXBuildFile section */
		A52300F82811A50200CE36C6 /* ModularSlothCreatorUITests.swift in Sources */ = {isa = PBXBuildFile; fileRef = A52300F72811A50200CE36C6 /* ModularSlothCreatorUITests.swift */; };
		A52300FA2811A50200CE36C6 /* ModularSlothCreatorUITestsLaunchTests.swift in Sources */ = {isa = PBXBuildFile; fileRef = A52300F92811A50200CE36C6 /* ModularSlothCreatorUITestsLaunchTests.swift */; };
		A52301072811A68100CE36C6 /* CareTests.swift in Sources */ = {isa = PBXBuildFile; fileRef = A52301062811A68100CE36C6 /* CareTests.swift */; };
		A52301082811A68100CE36C6 /* Care.framework in Frameworks */ = {isa = PBXBuildFile; fileRef = A5FC809D2805DF540091FFF0 /* Care.framework */; };
		A5FC80742805DCF10091FFF0 /* ModularSlothCreatorApp.swift in Sources */ = {isa = PBXBuildFile; fileRef = A5FC80732805DCF10091FFF0 /* ModularSlothCreatorApp.swift */; };
		A5FC80762805DCF10091FFF0 /* ContentView.swift in Sources */ = {isa = PBXBuildFile; fileRef = A5FC80752805DCF10091FFF0 /* ContentView.swift */; };
		A5FC80782805DCF20091FFF0 /* Assets.xcassets in Resources */ = {isa = PBXBuildFile; fileRef = A5FC80772805DCF20091FFF0 /* Assets.xcassets */; };
		A5FC807B2805DCF20091FFF0 /* Preview Assets.xcassets in Resources */ = {isa = PBXBuildFile; fileRef = A5FC807A2805DCF20091FFF0 /* Preview Assets.xcassets */; };
		A5FC808A2805DD720091FFF0 /* Creation.docc in Sources */ = {isa = PBXBuildFile; fileRef = A5FC80892805DD720091FFF0 /* Creation.docc */; };
		A5FC808B2805DD720091FFF0 /* Creation.h in Headers */ = {isa = PBXBuildFile; fileRef = A5FC80882805DD720091FFF0 /* Creation.h */; settings = {ATTRIBUTES = (Public, ); }; };
		A5FC808E2805DD720091FFF0 /* Creation.framework in Frameworks */ = {isa = PBXBuildFile; fileRef = A5FC80862805DD720091FFF0 /* Creation.framework */; };
		A5FC808F2805DD720091FFF0 /* Creation.framework in Embed Frameworks */ = {isa = PBXBuildFile; fileRef = A5FC80862805DD720091FFF0 /* Creation.framework */; settings = {ATTRIBUTES = (CodeSignOnCopy, RemoveHeadersOnCopy, ); }; };
		A5FC80962805DDD80091FFF0 /* NameGenerator.swift in Sources */ = {isa = PBXBuildFile; fileRef = A5FC80942805DDD80091FFF0 /* NameGenerator.swift */; };
		A5FC80972805DDD80091FFF0 /* SlothGenerator.swift in Sources */ = {isa = PBXBuildFile; fileRef = A5FC80952805DDD80091FFF0 /* SlothGenerator.swift */; };
		A5FC80A12805DF540091FFF0 /* Care.docc in Sources */ = {isa = PBXBuildFile; fileRef = A5FC80A02805DF540091FFF0 /* Care.docc */; };
		A5FC80A22805DF540091FFF0 /* Care.h in Headers */ = {isa = PBXBuildFile; fileRef = A5FC809F2805DF540091FFF0 /* Care.h */; settings = {ATTRIBUTES = (Public, ); }; };
		A5FC80A52805DF540091FFF0 /* Care.framework in Frameworks */ = {isa = PBXBuildFile; fileRef = A5FC809D2805DF540091FFF0 /* Care.framework */; };
		A5FC80A62805DF540091FFF0 /* Care.framework in Embed Frameworks */ = {isa = PBXBuildFile; fileRef = A5FC809D2805DF540091FFF0 /* Care.framework */; settings = {ATTRIBUTES = (CodeSignOnCopy, RemoveHeadersOnCopy, ); }; };
		A5FC80AD2805DF750091FFF0 /* FoodGenerator.swift in Sources */ = {isa = PBXBuildFile; fileRef = A5FC80AA2805DF750091FFF0 /* FoodGenerator.swift */; };
		A5FC80AE2805DF750091FFF0 /* Activity.swift in Sources */ = {isa = PBXBuildFile; fileRef = A5FC80AB2805DF750091FFF0 /* Activity.swift */; };
		A5FC80AF2805DF750091FFF0 /* CareSchedule.swift in Sources */ = {isa = PBXBuildFile; fileRef = A5FC80AC2805DF750091FFF0 /* CareSchedule.swift */; };
		A5FC80B92805DFA90091FFF0 /* Models.docc in Sources */ = {isa = PBXBuildFile; fileRef = A5FC80B82805DFA90091FFF0 /* Models.docc */; };
		A5FC80BA2805DFA90091FFF0 /* Models.h in Headers */ = {isa = PBXBuildFile; fileRef = A5FC80B72805DFA90091FFF0 /* Models.h */; settings = {ATTRIBUTES = (Public, ); }; };
		A5FC80BD2805DFA90091FFF0 /* Models.framework in Frameworks */ = {isa = PBXBuildFile; fileRef = A5FC80B52805DFA90091FFF0 /* Models.framework */; };
		A5FC80BE2805DFA90091FFF0 /* Models.framework in Embed Frameworks */ = {isa = PBXBuildFile; fileRef = A5FC80B52805DFA90091FFF0 /* Models.framework */; settings = {ATTRIBUTES = (CodeSignOnCopy, RemoveHeadersOnCopy, ); }; };
		A5FC80C72805DFC20091FFF0 /* Color.swift in Sources */ = {isa = PBXBuildFile; fileRef = A5FC80C22805DFC20091FFF0 /* Color.swift */; };
		A5FC80C82805DFC20091FFF0 /* Habitat.swift in Sources */ = {isa = PBXBuildFile; fileRef = A5FC80C32805DFC20091FFF0 /* Habitat.swift */; };
		A5FC80C92805DFC20091FFF0 /* Food.swift in Sources */ = {isa = PBXBuildFile; fileRef = A5FC80C42805DFC20091FFF0 /* Food.swift */; };
		A5FC80CA2805DFC20091FFF0 /* Power.swift in Sources */ = {isa = PBXBuildFile; fileRef = A5FC80C52805DFC20091FFF0 /* Power.swift */; };
		A5FC80CB2805DFC20091FFF0 /* Sloth.swift in Sources */ = {isa = PBXBuildFile; fileRef = A5FC80C62805DFC20091FFF0 /* Sloth.swift */; };
		A5FC80D52805E01D0091FFF0 /* Viewing.docc in Sources */ = {isa = PBXBuildFile; fileRef = A5FC80D42805E01D0091FFF0 /* Viewing.docc */; };
		A5FC80D62805E01D0091FFF0 /* Viewing.h in Headers */ = {isa = PBXBuildFile; fileRef = A5FC80D32805E01D0091FFF0 /* Viewing.h */; settings = {ATTRIBUTES = (Public, ); }; };
		A5FC80D92805E01D0091FFF0 /* Viewing.framework in Frameworks */ = {isa = PBXBuildFile; fileRef = A5FC80D12805E01D0091FFF0 /* Viewing.framework */; };
		A5FC80DA2805E01D0091FFF0 /* Viewing.framework in Embed Frameworks */ = {isa = PBXBuildFile; fileRef = A5FC80D12805E01D0091FFF0 /* Viewing.framework */; settings = {ATTRIBUTES = (CodeSignOnCopy, RemoveHeadersOnCopy, ); }; };
		A5FC80E12805E0330091FFF0 /* HabitatView.swift in Sources */ = {isa = PBXBuildFile; fileRef = A5FC80DE2805E0330091FFF0 /* HabitatView.swift */; };
		A5FC80E22805E0330091FFF0 /* PowerPicker.swift in Sources */ = {isa = PBXBuildFile; fileRef = A5FC80DF2805E0330091FFF0 /* PowerPicker.swift */; };
		A5FC80E32805E0330091FFF0 /* SlothView.swift in Sources */ = {isa = PBXBuildFile; fileRef = A5FC80E02805E0330091FFF0 /* SlothView.swift */; };
		A5FC80E72805E2460091FFF0 /* Models.framework in Frameworks */ = {isa = PBXBuildFile; fileRef = A5FC80B52805DFA90091FFF0 /* Models.framework */; };
		A5FC80E92805E25A0091FFF0 /* Models.framework in Frameworks */ = {isa = PBXBuildFile; fileRef = A5FC80B52805DFA90091FFF0 /* Models.framework */; };
		A5FC80F62805E5C40091FFF0 /* Models.framework in Frameworks */ = {isa = PBXBuildFile; fileRef = A5FC80B52805DFA90091FFF0 /* Models.framework */; };
		A5FC80F72805E5FA0091FFF0 /* CareSchedule.swift in Sources */ = {isa = PBXBuildFile; fileRef = A5FC80AC2805DF750091FFF0 /* CareSchedule.swift */; };
		A5FC80F82805E63D0091FFF0 /* Activity.swift in Sources */ = {isa = PBXBuildFile; fileRef = A5FC80AB2805DF750091FFF0 /* Activity.swift */; };
/* End PBXBuildFile section */

/* Begin PBXContainerItemProxy section */
		A52300FB2811A50200CE36C6 /* PBXContainerItemProxy */ = {
			isa = PBXContainerItemProxy;
			containerPortal = A5FC80682805DCF10091FFF0 /* Project object */;
			proxyType = 1;
			remoteGlobalIDString = A5FC806F2805DCF10091FFF0;
			remoteInfo = ModularSlothCreator;
		};
		A52301092811A68100CE36C6 /* PBXContainerItemProxy */ = {
			isa = PBXContainerItemProxy;
			containerPortal = A5FC80682805DCF10091FFF0 /* Project object */;
			proxyType = 1;
			remoteGlobalIDString = A5FC809C2805DF540091FFF0;
			remoteInfo = Care;
		};
		A5FC808C2805DD720091FFF0 /* PBXContainerItemProxy */ = {
			isa = PBXContainerItemProxy;
			containerPortal = A5FC80682805DCF10091FFF0 /* Project object */;
			proxyType = 1;
			remoteGlobalIDString = A5FC80852805DD720091FFF0;
			remoteInfo = Creation;
		};
		A5FC80A32805DF540091FFF0 /* PBXContainerItemProxy */ = {
			isa = PBXContainerItemProxy;
			containerPortal = A5FC80682805DCF10091FFF0 /* Project object */;
			proxyType = 1;
			remoteGlobalIDString = A5FC809C2805DF540091FFF0;
			remoteInfo = Care;
		};
		A5FC80BB2805DFA90091FFF0 /* PBXContainerItemProxy */ = {
			isa = PBXContainerItemProxy;
			containerPortal = A5FC80682805DCF10091FFF0 /* Project object */;
			proxyType = 1;
			remoteGlobalIDString = A5FC80B42805DFA90091FFF0;
			remoteInfo = Models;
		};
		A5FC80D72805E01D0091FFF0 /* PBXContainerItemProxy */ = {
			isa = PBXContainerItemProxy;
			containerPortal = A5FC80682805DCF10091FFF0 /* Project object */;
			proxyType = 1;
			remoteGlobalIDString = A5FC80D02805E01D0091FFF0;
			remoteInfo = Viewing;
		};
/* End PBXContainerItemProxy section */

/* Begin PBXCopyFilesBuildPhase section */
		A5FC80902805DD720091FFF0 /* Embed Frameworks */ = {
			isa = PBXCopyFilesBuildPhase;
			buildActionMask = 2147483647;
			dstPath = "";
			dstSubfolderSpec = 10;
			files = (
				A5FC808F2805DD720091FFF0 /* Creation.framework in Embed Frameworks */,
				A5FC80A62805DF540091FFF0 /* Care.framework in Embed Frameworks */,
				A5FC80DA2805E01D0091FFF0 /* Viewing.framework in Embed Frameworks */,
				A5FC80BE2805DFA90091FFF0 /* Models.framework in Embed Frameworks */,
			);
			name = "Embed Frameworks";
			runOnlyForDeploymentPostprocessing = 0;
		};
/* End PBXCopyFilesBuildPhase section */

/* Begin PBXFileReference section */
		A52300F52811A50200CE36C6 /* ModularSlothCreatorUITests.xctest */ = {isa = PBXFileReference; explicitFileType = wrapper.cfbundle; includeInIndex = 0; path = ModularSlothCreatorUITests.xctest; sourceTree = BUILT_PRODUCTS_DIR; };
		A52300F72811A50200CE36C6 /* ModularSlothCreatorUITests.swift */ = {isa = PBXFileReference; lastKnownFileType = sourcecode.swift; path = ModularSlothCreatorUITests.swift; sourceTree = "<group>"; };
		A52300F92811A50200CE36C6 /* ModularSlothCreatorUITestsLaunchTests.swift */ = {isa = PBXFileReference; lastKnownFileType = sourcecode.swift; path = ModularSlothCreatorUITestsLaunchTests.swift; sourceTree = "<group>"; };
		A52301042811A68100CE36C6 /* CareTests.xctest */ = {isa = PBXFileReference; explicitFileType = wrapper.cfbundle; includeInIndex = 0; path = CareTests.xctest; sourceTree = BUILT_PRODUCTS_DIR; };
		A52301062811A68100CE36C6 /* CareTests.swift */ = {isa = PBXFileReference; lastKnownFileType = sourcecode.swift; path = CareTests.swift; sourceTree = "<group>"; };
		A5FC80702805DCF10091FFF0 /* ModularSlothCreator.app */ = {isa = PBXFileReference; explicitFileType = wrapper.application; includeInIndex = 0; path = ModularSlothCreator.app; sourceTree = BUILT_PRODUCTS_DIR; };
		A5FC80732805DCF10091FFF0 /* ModularSlothCreatorApp.swift */ = {isa = PBXFileReference; lastKnownFileType = sourcecode.swift; path = ModularSlothCreatorApp.swift; sourceTree = "<group>"; };
		A5FC80752805DCF10091FFF0 /* ContentView.swift */ = {isa = PBXFileReference; lastKnownFileType = sourcecode.swift; path = ContentView.swift; sourceTree = "<group>"; };
		A5FC80772805DCF20091FFF0 /* Assets.xcassets */ = {isa = PBXFileReference; lastKnownFileType = folder.assetcatalog; path = Assets.xcassets; sourceTree = "<group>"; };
		A5FC807A2805DCF20091FFF0 /* Preview Assets.xcassets */ = {isa = PBXFileReference; lastKnownFileType = folder.assetcatalog; path = "Preview Assets.xcassets"; sourceTree = "<group>"; };
		A5FC80862805DD720091FFF0 /* Creation.framework */ = {isa = PBXFileReference; explicitFileType = wrapper.framework; includeInIndex = 0; path = Creation.framework; sourceTree = BUILT_PRODUCTS_DIR; };
		A5FC80882805DD720091FFF0 /* Creation.h */ = {isa = PBXFileReference; lastKnownFileType = sourcecode.c.h; path = Creation.h; sourceTree = "<group>"; };
		A5FC80892805DD720091FFF0 /* Creation.docc */ = {isa = PBXFileReference; lastKnownFileType = folder.documentationcatalog; path = Creation.docc; sourceTree = "<group>"; };
		A5FC80942805DDD80091FFF0 /* NameGenerator.swift */ = {isa = PBXFileReference; fileEncoding = 4; lastKnownFileType = sourcecode.swift; path = NameGenerator.swift; sourceTree = "<group>"; };
		A5FC80952805DDD80091FFF0 /* SlothGenerator.swift */ = {isa = PBXFileReference; fileEncoding = 4; lastKnownFileType = sourcecode.swift; path = SlothGenerator.swift; sourceTree = "<group>"; };
		A5FC809D2805DF540091FFF0 /* Care.framework */ = {isa = PBXFileReference; explicitFileType = wrapper.framework; includeInIndex = 0; path = Care.framework; sourceTree = BUILT_PRODUCTS_DIR; };
		A5FC809F2805DF540091FFF0 /* Care.h */ = {isa = PBXFileReference; lastKnownFileType = sourcecode.c.h; path = Care.h; sourceTree = "<group>"; };
		A5FC80A02805DF540091FFF0 /* Care.docc */ = {isa = PBXFileReference; lastKnownFileType = folder.documentationcatalog; path = Care.docc; sourceTree = "<group>"; };
		A5FC80AA2805DF750091FFF0 /* FoodGenerator.swift */ = {isa = PBXFileReference; fileEncoding = 4; lastKnownFileType = sourcecode.swift; path = FoodGenerator.swift; sourceTree = "<group>"; };
		A5FC80AB2805DF750091FFF0 /* Activity.swift */ = {isa = PBXFileReference; fileEncoding = 4; lastKnownFileType = sourcecode.swift; path = Activity.swift; sourceTree = "<group>"; };
		A5FC80AC2805DF750091FFF0 /* CareSchedule.swift */ = {isa = PBXFileReference; fileEncoding = 4; lastKnownFileType = sourcecode.swift; path = CareSchedule.swift; sourceTree = "<group>"; };
		A5FC80B52805DFA90091FFF0 /* Models.framework */ = {isa = PBXFileReference; explicitFileType = wrapper.framework; includeInIndex = 0; path = Models.framework; sourceTree = BUILT_PRODUCTS_DIR; };
		A5FC80B72805DFA90091FFF0 /* Models.h */ = {isa = PBXFileReference; lastKnownFileType = sourcecode.c.h; path = Models.h; sourceTree = "<group>"; };
		A5FC80B82805DFA90091FFF0 /* Models.docc */ = {isa = PBXFileReference; lastKnownFileType = folder.documentationcatalog; path = Models.docc; sourceTree = "<group>"; };
		A5FC80C22805DFC20091FFF0 /* Color.swift */ = {isa = PBXFileReference; fileEncoding = 4; lastKnownFileType = sourcecode.swift; path = Color.swift; sourceTree = "<group>"; };
		A5FC80C32805DFC20091FFF0 /* Habitat.swift */ = {isa = PBXFileReference; fileEncoding = 4; lastKnownFileType = sourcecode.swift; path = Habitat.swift; sourceTree = "<group>"; };
		A5FC80C42805DFC20091FFF0 /* Food.swift */ = {isa = PBXFileReference; fileEncoding = 4; lastKnownFileType = sourcecode.swift; path = Food.swift; sourceTree = "<group>"; };
		A5FC80C52805DFC20091FFF0 /* Power.swift */ = {isa = PBXFileReference; fileEncoding = 4; lastKnownFileType = sourcecode.swift; path = Power.swift; sourceTree = "<group>"; };
		A5FC80C62805DFC20091FFF0 /* Sloth.swift */ = {isa = PBXFileReference; fileEncoding = 4; lastKnownFileType = sourcecode.swift; path = Sloth.swift; sourceTree = "<group>"; };
		A5FC80D12805E01D0091FFF0 /* Viewing.framework */ = {isa = PBXFileReference; explicitFileType = wrapper.framework; includeInIndex = 0; path = Viewing.framework; sourceTree = BUILT_PRODUCTS_DIR; };
		A5FC80D32805E01D0091FFF0 /* Viewing.h */ = {isa = PBXFileReference; lastKnownFileType = sourcecode.c.h; path = Viewing.h; sourceTree = "<group>"; };
		A5FC80D42805E01D0091FFF0 /* Viewing.docc */ = {isa = PBXFileReference; lastKnownFileType = folder.documentationcatalog; path = Viewing.docc; sourceTree = "<group>"; };
		A5FC80DE2805E0330091FFF0 /* HabitatView.swift */ = {isa = PBXFileReference; fileEncoding = 4; lastKnownFileType = sourcecode.swift; path = HabitatView.swift; sourceTree = "<group>"; };
		A5FC80DF2805E0330091FFF0 /* PowerPicker.swift */ = {isa = PBXFileReference; fileEncoding = 4; lastKnownFileType = sourcecode.swift; path = PowerPicker.swift; sourceTree = "<group>"; };
		A5FC80E02805E0330091FFF0 /* SlothView.swift */ = {isa = PBXFileReference; fileEncoding = 4; lastKnownFileType = sourcecode.swift; path = SlothView.swift; sourceTree = "<group>"; };
/* End PBXFileReference section */

/* Begin PBXFrameworksBuildPhase section */
		A52300F22811A50200CE36C6 /* Frameworks */ = {
			isa = PBXFrameworksBuildPhase;
			buildActionMask = 2147483647;
			files = (
			);
			runOnlyForDeploymentPostprocessing = 0;
		};
		A52301012811A68100CE36C6 /* Frameworks */ = {
			isa = PBXFrameworksBuildPhase;
			buildActionMask = 2147483647;
			files = (
				A52301082811A68100CE36C6 /* Care.framework in Frameworks */,
			);
			runOnlyForDeploymentPostprocessing = 0;
		};
		A5FC806D2805DCF10091FFF0 /* Frameworks */ = {
			isa = PBXFrameworksBuildPhase;
			buildActionMask = 2147483647;
			files = (
				A5FC808E2805DD720091FFF0 /* Creation.framework in Frameworks */,
				A5FC80A52805DF540091FFF0 /* Care.framework in Frameworks */,
				A5FC80D92805E01D0091FFF0 /* Viewing.framework in Frameworks */,
				A5FC80BD2805DFA90091FFF0 /* Models.framework in Frameworks */,
			);
			runOnlyForDeploymentPostprocessing = 0;
		};
		A5FC80832805DD720091FFF0 /* Frameworks */ = {
			isa = PBXFrameworksBuildPhase;
			buildActionMask = 2147483647;
			files = (
				A5FC80E72805E2460091FFF0 /* Models.framework in Frameworks */,
			);
			runOnlyForDeploymentPostprocessing = 0;
		};
		A5FC809A2805DF540091FFF0 /* Frameworks */ = {
			isa = PBXFrameworksBuildPhase;
			buildActionMask = 2147483647;
			files = (
				A5FC80F62805E5C40091FFF0 /* Models.framework in Frameworks */,
			);
			runOnlyForDeploymentPostprocessing = 0;
		};
		A5FC80B22805DFA90091FFF0 /* Frameworks */ = {
			isa = PBXFrameworksBuildPhase;
			buildActionMask = 2147483647;
			files = (
			);
			runOnlyForDeploymentPostprocessing = 0;
		};
		A5FC80CE2805E01D0091FFF0 /* Frameworks */ = {
			isa = PBXFrameworksBuildPhase;
			buildActionMask = 2147483647;
			files = (
				A5FC80E92805E25A0091FFF0 /* Models.framework in Frameworks */,
			);
			runOnlyForDeploymentPostprocessing = 0;
		};
/* End PBXFrameworksBuildPhase section */

/* Begin PBXGroup section */
		A52300F62811A50200CE36C6 /* ModularSlothCreatorUITests */ = {
			isa = PBXGroup;
			children = (
				A52300F72811A50200CE36C6 /* ModularSlothCreatorUITests.swift */,
				A52300F92811A50200CE36C6 /* ModularSlothCreatorUITestsLaunchTests.swift */,
			);
			path = ModularSlothCreatorUITests;
			sourceTree = "<group>";
		};
		A52301052811A68100CE36C6 /* CareTests */ = {
			isa = PBXGroup;
			children = (
				A52301062811A68100CE36C6 /* CareTests.swift */,
			);
			path = CareTests;
			sourceTree = "<group>";
		};
		A5FC80672805DCF10091FFF0 = {
			isa = PBXGroup;
			children = (
				A5FC80722805DCF10091FFF0 /* ModularSlothCreator */,
				A52300F62811A50200CE36C6 /* ModularSlothCreatorUITests */,
				A52301052811A68100CE36C6 /* CareTests */,
				A5FC80712805DCF10091FFF0 /* Products */,
				A5FC80E62805E2460091FFF0 /* Frameworks */,
			);
			sourceTree = "<group>";
		};
		A5FC80712805DCF10091FFF0 /* Products */ = {
			isa = PBXGroup;
			children = (
				A5FC80702805DCF10091FFF0 /* ModularSlothCreator.app */,
				A5FC80862805DD720091FFF0 /* Creation.framework */,
				A5FC809D2805DF540091FFF0 /* Care.framework */,
				A5FC80B52805DFA90091FFF0 /* Models.framework */,
				A5FC80D12805E01D0091FFF0 /* Viewing.framework */,
				A52300F52811A50200CE36C6 /* ModularSlothCreatorUITests.xctest */,
				A52301042811A68100CE36C6 /* CareTests.xctest */,
			);
			name = Products;
			sourceTree = "<group>";
		};
		A5FC80722805DCF10091FFF0 /* ModularSlothCreator */ = {
			isa = PBXGroup;
			children = (
				A5FC809E2805DF540091FFF0 /* Care */,
				A5FC80872805DD720091FFF0 /* Creation */,
				A5FC80B62805DFA90091FFF0 /* Models */,
				A5FC80D22805E01D0091FFF0 /* Viewing */,
				A5FC80732805DCF10091FFF0 /* ModularSlothCreatorApp.swift */,
				A5FC80752805DCF10091FFF0 /* ContentView.swift */,
				A5FC80772805DCF20091FFF0 /* Assets.xcassets */,
				A5FC80792805DCF20091FFF0 /* Preview Content */,
			);
			path = ModularSlothCreator;
			sourceTree = "<group>";
		};
		A5FC80792805DCF20091FFF0 /* Preview Content */ = {
			isa = PBXGroup;
			children = (
				A5FC807A2805DCF20091FFF0 /* Preview Assets.xcassets */,
			);
			path = "Preview Content";
			sourceTree = "<group>";
		};
		A5FC80872805DD720091FFF0 /* Creation */ = {
			isa = PBXGroup;
			children = (
				A5FC80942805DDD80091FFF0 /* NameGenerator.swift */,
				A5FC80952805DDD80091FFF0 /* SlothGenerator.swift */,
				A5FC80882805DD720091FFF0 /* Creation.h */,
				A5FC80892805DD720091FFF0 /* Creation.docc */,
			);
			path = Creation;
			sourceTree = "<group>";
		};
		A5FC809E2805DF540091FFF0 /* Care */ = {
			isa = PBXGroup;
			children = (
				A5FC80AB2805DF750091FFF0 /* Activity.swift */,
				A5FC80AC2805DF750091FFF0 /* CareSchedule.swift */,
				A5FC80AA2805DF750091FFF0 /* FoodGenerator.swift */,
				A5FC809F2805DF540091FFF0 /* Care.h */,
				A5FC80A02805DF540091FFF0 /* Care.docc */,
			);
			path = Care;
			sourceTree = "<group>";
		};
		A5FC80B62805DFA90091FFF0 /* Models */ = {
			isa = PBXGroup;
			children = (
				A5FC80C22805DFC20091FFF0 /* Color.swift */,
				A5FC80C42805DFC20091FFF0 /* Food.swift */,
				A5FC80C32805DFC20091FFF0 /* Habitat.swift */,
				A5FC80C52805DFC20091FFF0 /* Power.swift */,
				A5FC80C62805DFC20091FFF0 /* Sloth.swift */,
				A5FC80B72805DFA90091FFF0 /* Models.h */,
				A5FC80B82805DFA90091FFF0 /* Models.docc */,
			);
			path = Models;
			sourceTree = "<group>";
		};
		A5FC80D22805E01D0091FFF0 /* Viewing */ = {
			isa = PBXGroup;
			children = (
				A5FC80DE2805E0330091FFF0 /* HabitatView.swift */,
				A5FC80DF2805E0330091FFF0 /* PowerPicker.swift */,
				A5FC80E02805E0330091FFF0 /* SlothView.swift */,
				A5FC80D32805E01D0091FFF0 /* Viewing.h */,
				A5FC80D42805E01D0091FFF0 /* Viewing.docc */,
			);
			path = Viewing;
			sourceTree = "<group>";
		};
		A5FC80E62805E2460091FFF0 /* Frameworks */ = {
			isa = PBXGroup;
			children = (
			);
			name = Frameworks;
			sourceTree = "<group>";
		};
/* End PBXGroup section */

/* Begin PBXHeadersBuildPhase section */
		A5FC80812805DD720091FFF0 /* Headers */ = {
			isa = PBXHeadersBuildPhase;
			buildActionMask = 2147483647;
			files = (
				A5FC808B2805DD720091FFF0 /* Creation.h in Headers */,
			);
			runOnlyForDeploymentPostprocessing = 0;
		};
		A5FC80982805DF540091FFF0 /* Headers */ = {
			isa = PBXHeadersBuildPhase;
			buildActionMask = 2147483647;
			files = (
				A5FC80A22805DF540091FFF0 /* Care.h in Headers */,
			);
			runOnlyForDeploymentPostprocessing = 0;
		};
		A5FC80B02805DFA90091FFF0 /* Headers */ = {
			isa = PBXHeadersBuildPhase;
			buildActionMask = 2147483647;
			files = (
				A5FC80BA2805DFA90091FFF0 /* Models.h in Headers */,
			);
			runOnlyForDeploymentPostprocessing = 0;
		};
		A5FC80CC2805E01D0091FFF0 /* Headers */ = {
			isa = PBXHeadersBuildPhase;
			buildActionMask = 2147483647;
			files = (
				A5FC80D62805E01D0091FFF0 /* Viewing.h in Headers */,
			);
			runOnlyForDeploymentPostprocessing = 0;
		};
/* End PBXHeadersBuildPhase section */

/* Begin PBXNativeTarget section */
		A52300F42811A50200CE36C6 /* ModularSlothCreatorUITests */ = {
			isa = PBXNativeTarget;
			buildConfigurationList = A52300FD2811A50200CE36C6 /* Build configuration list for PBXNativeTarget "ModularSlothCreatorUITests" */;
			buildPhases = (
				A52300F12811A50200CE36C6 /* Sources */,
				A52300F22811A50200CE36C6 /* Frameworks */,
				A52300F32811A50200CE36C6 /* Resources */,
			);
			buildRules = (
			);
			dependencies = (
				A52300FC2811A50200CE36C6 /* PBXTargetDependency */,
			);
			name = ModularSlothCreatorUITests;
			productName = ModularSlothCreatorUITests;
			productReference = A52300F52811A50200CE36C6 /* ModularSlothCreatorUITests.xctest */;
			productType = "com.apple.product-type.bundle.ui-testing";
		};
		A52301032811A68100CE36C6 /* CareTests */ = {
			isa = PBXNativeTarget;
			buildConfigurationList = A523010B2811A68100CE36C6 /* Build configuration list for PBXNativeTarget "CareTests" */;
			buildPhases = (
				A52301002811A68100CE36C6 /* Sources */,
				A52301012811A68100CE36C6 /* Frameworks */,
				A52301022811A68100CE36C6 /* Resources */,
			);
			buildRules = (
			);
			dependencies = (
				A523010A2811A68100CE36C6 /* PBXTargetDependency */,
			);
			name = CareTests;
			productName = CareTests;
			productReference = A52301042811A68100CE36C6 /* CareTests.xctest */;
			productType = "com.apple.product-type.bundle.unit-test";
		};
		A5FC806F2805DCF10091FFF0 /* ModularSlothCreator */ = {
			isa = PBXNativeTarget;
			buildConfigurationList = A5FC807E2805DCF20091FFF0 /* Build configuration list for PBXNativeTarget "ModularSlothCreator" */;
			buildPhases = (
				A5FC806C2805DCF10091FFF0 /* Sources */,
				A5FC806D2805DCF10091FFF0 /* Frameworks */,
				A5FC806E2805DCF10091FFF0 /* Resources */,
				A5FC80902805DD720091FFF0 /* Embed Frameworks */,
			);
			buildRules = (
			);
			dependencies = (
				A5FC808D2805DD720091FFF0 /* PBXTargetDependency */,
				A5FC80A42805DF540091FFF0 /* PBXTargetDependency */,
				A5FC80BC2805DFA90091FFF0 /* PBXTargetDependency */,
				A5FC80D82805E01D0091FFF0 /* PBXTargetDependency */,
			);
			name = ModularSlothCreator;
			productName = ModularSlothCreator;
			productReference = A5FC80702805DCF10091FFF0 /* ModularSlothCreator.app */;
			productType = "com.apple.product-type.application";
		};
		A5FC80852805DD720091FFF0 /* Creation */ = {
			isa = PBXNativeTarget;
			buildConfigurationList = A5FC80932805DD720091FFF0 /* Build configuration list for PBXNativeTarget "Creation" */;
			buildPhases = (
				A5FC80812805DD720091FFF0 /* Headers */,
				A5FC80822805DD720091FFF0 /* Sources */,
				A5FC80832805DD720091FFF0 /* Frameworks */,
				A5FC80842805DD720091FFF0 /* Resources */,
			);
			buildRules = (
			);
			dependencies = (
			);
			name = Creation;
			productName = Creation;
			productReference = A5FC80862805DD720091FFF0 /* Creation.framework */;
			productType = "com.apple.product-type.framework";
		};
		A5FC809C2805DF540091FFF0 /* Care */ = {
			isa = PBXNativeTarget;
			buildConfigurationList = A5FC80A72805DF540091FFF0 /* Build configuration list for PBXNativeTarget "Care" */;
			buildPhases = (
				A5FC80982805DF540091FFF0 /* Headers */,
				A5FC80992805DF540091FFF0 /* Sources */,
				A5FC809A2805DF540091FFF0 /* Frameworks */,
				A5FC809B2805DF540091FFF0 /* Resources */,
			);
			buildRules = (
			);
			dependencies = (
			);
			name = Care;
			productName = Care;
			productReference = A5FC809D2805DF540091FFF0 /* Care.framework */;
			productType = "com.apple.product-type.framework";
		};
		A5FC80B42805DFA90091FFF0 /* Models */ = {
			isa = PBXNativeTarget;
			buildConfigurationList = A5FC80BF2805DFA90091FFF0 /* Build configuration list for PBXNativeTarget "Models" */;
			buildPhases = (
				A5FC80B02805DFA90091FFF0 /* Headers */,
				A5FC80B12805DFA90091FFF0 /* Sources */,
				A5FC80B22805DFA90091FFF0 /* Frameworks */,
				A5FC80B32805DFA90091FFF0 /* Resources */,
			);
			buildRules = (
			);
			dependencies = (
			);
			name = Models;
			productName = Models;
			productReference = A5FC80B52805DFA90091FFF0 /* Models.framework */;
			productType = "com.apple.product-type.framework";
		};
		A5FC80D02805E01D0091FFF0 /* Viewing */ = {
			isa = PBXNativeTarget;
			buildConfigurationList = A5FC80DB2805E01D0091FFF0 /* Build configuration list for PBXNativeTarget "Viewing" */;
			buildPhases = (
				A5FC80CC2805E01D0091FFF0 /* Headers */,
				A5FC80CD2805E01D0091FFF0 /* Sources */,
				A5FC80CE2805E01D0091FFF0 /* Frameworks */,
				A5FC80CF2805E01D0091FFF0 /* Resources */,
			);
			buildRules = (
			);
			dependencies = (
			);
			name = Viewing;
			productName = Viewing;
			productReference = A5FC80D12805E01D0091FFF0 /* Viewing.framework */;
			productType = "com.apple.product-type.framework";
		};
/* End PBXNativeTarget section */

/* Begin PBXProject section */
		A5FC80682805DCF10091FFF0 /* Project object */ = {
			isa = PBXProject;
			attributes = {
				BuildIndependentTargetsInParallel = 1;
				LastSwiftUpdateCheck = 1320;
				LastUpgradeCheck = 1330;
				TargetAttributes = {
					A52300F42811A50200CE36C6 = {
						CreatedOnToolsVersion = 13.2.1;
						TestTargetID = A5FC806F2805DCF10091FFF0;
					};
					A52301032811A68100CE36C6 = {
						CreatedOnToolsVersion = 13.2.1;
					};
					A5FC806F2805DCF10091FFF0 = {
						CreatedOnToolsVersion = 13.3;
					};
					A5FC80852805DD720091FFF0 = {
						CreatedOnToolsVersion = 13.3;
					};
					A5FC809C2805DF540091FFF0 = {
						CreatedOnToolsVersion = 13.3;
					};
					A5FC80B42805DFA90091FFF0 = {
						CreatedOnToolsVersion = 13.3;
					};
					A5FC80D02805E01D0091FFF0 = {
						CreatedOnToolsVersion = 13.3;
					};
				};
			};
			buildConfigurationList = A5FC806B2805DCF10091FFF0 /* Build configuration list for PBXProject "ModularSlothCreator" */;
			compatibilityVersion = "Xcode 13.0";
			developmentRegion = en;
			hasScannedForEncodings = 0;
			knownRegions = (
				en,
				Base,
			);
			mainGroup = A5FC80672805DCF10091FFF0;
			productRefGroup = A5FC80712805DCF10091FFF0 /* Products */;
			projectDirPath = "";
			projectRoot = "";
			targets = (
				A5FC806F2805DCF10091FFF0 /* ModularSlothCreator */,
				A5FC80852805DD720091FFF0 /* Creation */,
				A5FC809C2805DF540091FFF0 /* Care */,
				A5FC80B42805DFA90091FFF0 /* Models */,
				A5FC80D02805E01D0091FFF0 /* Viewing */,
				A52300F42811A50200CE36C6 /* ModularSlothCreatorUITests */,
				A52301032811A68100CE36C6 /* CareTests */,
			);
		};
/* End PBXProject section */

/* Begin PBXResourcesBuildPhase section */
		A52300F32811A50200CE36C6 /* Resources */ = {
			isa = PBXResourcesBuildPhase;
			buildActionMask = 2147483647;
			files = (
			);
			runOnlyForDeploymentPostprocessing = 0;
		};
		A52301022811A68100CE36C6 /* Resources */ = {
			isa = PBXResourcesBuildPhase;
			buildActionMask = 2147483647;
			files = (
			);
			runOnlyForDeploymentPostprocessing = 0;
		};
		A5FC806E2805DCF10091FFF0 /* Resources */ = {
			isa = PBXResourcesBuildPhase;
			buildActionMask = 2147483647;
			files = (
				A5FC807B2805DCF20091FFF0 /* Preview Assets.xcassets in Resources */,
				A5FC80782805DCF20091FFF0 /* Assets.xcassets in Resources */,
			);
			runOnlyForDeploymentPostprocessing = 0;
		};
		A5FC80842805DD720091FFF0 /* Resources */ = {
			isa = PBXResourcesBuildPhase;
			buildActionMask = 2147483647;
			files = (
			);
			runOnlyForDeploymentPostprocessing = 0;
		};
		A5FC809B2805DF540091FFF0 /* Resources */ = {
			isa = PBXResourcesBuildPhase;
			buildActionMask = 2147483647;
			files = (
			);
			runOnlyForDeploymentPostprocessing = 0;
		};
		A5FC80B32805DFA90091FFF0 /* Resources */ = {
			isa = PBXResourcesBuildPhase;
			buildActionMask = 2147483647;
			files = (
			);
			runOnlyForDeploymentPostprocessing = 0;
		};
		A5FC80CF2805E01D0091FFF0 /* Resources */ = {
			isa = PBXResourcesBuildPhase;
			buildActionMask = 2147483647;
			files = (
			);
			runOnlyForDeploymentPostprocessing = 0;
		};
/* End PBXResourcesBuildPhase section */

/* Begin PBXSourcesBuildPhase section */
		A52300F12811A50200CE36C6 /* Sources */ = {
			isa = PBXSourcesBuildPhase;
			buildActionMask = 2147483647;
			files = (
				A52300F82811A50200CE36C6 /* ModularSlothCreatorUITests.swift in Sources */,
				A52300FA2811A50200CE36C6 /* ModularSlothCreatorUITestsLaunchTests.swift in Sources */,
			);
			runOnlyForDeploymentPostprocessing = 0;
		};
		A52301002811A68100CE36C6 /* Sources */ = {
			isa = PBXSourcesBuildPhase;
			buildActionMask = 2147483647;
			files = (
				A52301072811A68100CE36C6 /* CareTests.swift in Sources */,
			);
			runOnlyForDeploymentPostprocessing = 0;
		};
		A5FC806C2805DCF10091FFF0 /* Sources */ = {
			isa = PBXSourcesBuildPhase;
			buildActionMask = 2147483647;
			files = (
				A5FC80762805DCF10091FFF0 /* ContentView.swift in Sources */,
				A5FC80742805DCF10091FFF0 /* ModularSlothCreatorApp.swift in Sources */,
			);
			runOnlyForDeploymentPostprocessing = 0;
		};
		A5FC80822805DD720091FFF0 /* Sources */ = {
			isa = PBXSourcesBuildPhase;
			buildActionMask = 2147483647;
			files = (
				A5FC80962805DDD80091FFF0 /* NameGenerator.swift in Sources */,
				A5FC808A2805DD720091FFF0 /* Creation.docc in Sources */,
				A5FC80972805DDD80091FFF0 /* SlothGenerator.swift in Sources */,
			);
			runOnlyForDeploymentPostprocessing = 0;
		};
		A5FC80992805DF540091FFF0 /* Sources */ = {
			isa = PBXSourcesBuildPhase;
			buildActionMask = 2147483647;
			files = (
				A5FC80AE2805DF750091FFF0 /* Activity.swift in Sources */,
				A5FC80AF2805DF750091FFF0 /* CareSchedule.swift in Sources */,
				A5FC80A12805DF540091FFF0 /* Care.docc in Sources */,
				A5FC80AD2805DF750091FFF0 /* FoodGenerator.swift in Sources */,
			);
			runOnlyForDeploymentPostprocessing = 0;
		};
		A5FC80B12805DFA90091FFF0 /* Sources */ = {
			isa = PBXSourcesBuildPhase;
			buildActionMask = 2147483647;
			files = (
				A5FC80F72805E5FA0091FFF0 /* CareSchedule.swift in Sources */,
				A5FC80CB2805DFC20091FFF0 /* Sloth.swift in Sources */,
				A5FC80B92805DFA90091FFF0 /* Models.docc in Sources */,
				A5FC80C92805DFC20091FFF0 /* Food.swift in Sources */,
				A5FC80CA2805DFC20091FFF0 /* Power.swift in Sources */,
				A5FC80C72805DFC20091FFF0 /* Color.swift in Sources */,
				A5FC80F82805E63D0091FFF0 /* Activity.swift in Sources */,
				A5FC80C82805DFC20091FFF0 /* Habitat.swift in Sources */,
			);
			runOnlyForDeploymentPostprocessing = 0;
		};
		A5FC80CD2805E01D0091FFF0 /* Sources */ = {
			isa = PBXSourcesBuildPhase;
			buildActionMask = 2147483647;
			files = (
				A5FC80E12805E0330091FFF0 /* HabitatView.swift in Sources */,
				A5FC80D52805E01D0091FFF0 /* Viewing.docc in Sources */,
				A5FC80E22805E0330091FFF0 /* PowerPicker.swift in Sources */,
				A5FC80E32805E0330091FFF0 /* SlothView.swift in Sources */,
			);
			runOnlyForDeploymentPostprocessing = 0;
		};
/* End PBXSourcesBuildPhase section */

/* Begin PBXTargetDependency section */
		A52300FC2811A50200CE36C6 /* PBXTargetDependency */ = {
			isa = PBXTargetDependency;
			target = A5FC806F2805DCF10091FFF0 /* ModularSlothCreator */;
			targetProxy = A52300FB2811A50200CE36C6 /* PBXContainerItemProxy */;
		};
		A523010A2811A68100CE36C6 /* PBXTargetDependency */ = {
			isa = PBXTargetDependency;
			target = A5FC809C2805DF540091FFF0 /* Care */;
			targetProxy = A52301092811A68100CE36C6 /* PBXContainerItemProxy */;
		};
		A5FC808D2805DD720091FFF0 /* PBXTargetDependency */ = {
			isa = PBXTargetDependency;
			target = A5FC80852805DD720091FFF0 /* Creation */;
			targetProxy = A5FC808C2805DD720091FFF0 /* PBXContainerItemProxy */;
		};
		A5FC80A42805DF540091FFF0 /* PBXTargetDependency */ = {
			isa = PBXTargetDependency;
			target = A5FC809C2805DF540091FFF0 /* Care */;
			targetProxy = A5FC80A32805DF540091FFF0 /* PBXContainerItemProxy */;
		};
		A5FC80BC2805DFA90091FFF0 /* PBXTargetDependency */ = {
			isa = PBXTargetDependency;
			target = A5FC80B42805DFA90091FFF0 /* Models */;
			targetProxy = A5FC80BB2805DFA90091FFF0 /* PBXContainerItemProxy */;
		};
		A5FC80D82805E01D0091FFF0 /* PBXTargetDependency */ = {
			isa = PBXTargetDependency;
			target = A5FC80D02805E01D0091FFF0 /* Viewing */;
			targetProxy = A5FC80D72805E01D0091FFF0 /* PBXContainerItemProxy */;
		};
/* End PBXTargetDependency section */

/* Begin XCBuildConfiguration section */
		A52300FE2811A50200CE36C6 /* Debug */ = {
			isa = XCBuildConfiguration;
			buildSettings = {
				CLANG_CXX_LIBRARY = "libc++";
				CODE_SIGN_STYLE = Automatic;
				CURRENT_PROJECT_VERSION = 1;
				DEVELOPMENT_TEAM = C3BX32XR8J;
				GENERATE_INFOPLIST_FILE = YES;
				IPHONEOS_DEPLOYMENT_TARGET = 15.0;
				MARKETING_VERSION = 1.0;
				PRODUCT_BUNDLE_IDENTIFIER = com.kasprasolutions.ModularSlothCreatorUITests;
				PRODUCT_NAME = "$(TARGET_NAME)";
				SWIFT_EMIT_LOC_STRINGS = NO;
				SWIFT_VERSION = 5.0;
				TARGETED_DEVICE_FAMILY = "1,2";
				TEST_TARGET_NAME = ModularSlothCreator;
			};
			name = Debug;
		};
		A52300FF2811A50200CE36C6 /* Release */ = {
			isa = XCBuildConfiguration;
			buildSettings = {
				CLANG_CXX_LIBRARY = "libc++";
				CODE_SIGN_STYLE = Automatic;
				CURRENT_PROJECT_VERSION = 1;
				DEVELOPMENT_TEAM = C3BX32XR8J;
				GENERATE_INFOPLIST_FILE = YES;
				IPHONEOS_DEPLOYMENT_TARGET = 15.0;
				MARKETING_VERSION = 1.0;
				PRODUCT_BUNDLE_IDENTIFIER = com.kasprasolutions.ModularSlothCreatorUITests;
				PRODUCT_NAME = "$(TARGET_NAME)";
				SWIFT_EMIT_LOC_STRINGS = NO;
				SWIFT_VERSION = 5.0;
				TARGETED_DEVICE_FAMILY = "1,2";
				TEST_TARGET_NAME = ModularSlothCreator;
			};
			name = Release;
		};
		A523010C2811A68100CE36C6 /* Debug */ = {
			isa = XCBuildConfiguration;
			buildSettings = {
				CLANG_CXX_LIBRARY = "libc++";
				CODE_SIGN_STYLE = Automatic;
				CURRENT_PROJECT_VERSION = 1;
				DEVELOPMENT_TEAM = C3BX32XR8J;
				GENERATE_INFOPLIST_FILE = YES;
				IPHONEOS_DEPLOYMENT_TARGET = 15.0;
				MARKETING_VERSION = 1.0;
				PRODUCT_BUNDLE_IDENTIFIER = com.kasprasolutions.CareTests;
				PRODUCT_NAME = "$(TARGET_NAME)";
				SWIFT_EMIT_LOC_STRINGS = NO;
				SWIFT_VERSION = 5.0;
				TARGETED_DEVICE_FAMILY = "1,2";
			};
			name = Debug;
		};
		A523010D2811A68100CE36C6 /* Release */ = {
			isa = XCBuildConfiguration;
			buildSettings = {
				CLANG_CXX_LIBRARY = "libc++";
				CODE_SIGN_STYLE = Automatic;
				CURRENT_PROJECT_VERSION = 1;
				DEVELOPMENT_TEAM = C3BX32XR8J;
				GENERATE_INFOPLIST_FILE = YES;
				IPHONEOS_DEPLOYMENT_TARGET = 15.0;
				MARKETING_VERSION = 1.0;
				PRODUCT_BUNDLE_IDENTIFIER = com.kasprasolutions.CareTests;
				PRODUCT_NAME = "$(TARGET_NAME)";
				SWIFT_EMIT_LOC_STRINGS = NO;
				SWIFT_VERSION = 5.0;
				TARGETED_DEVICE_FAMILY = "1,2";
			};
			name = Release;
		};
		A5FC807C2805DCF20091FFF0 /* Debug */ = {
			isa = XCBuildConfiguration;
			buildSettings = {
				ALWAYS_SEARCH_USER_PATHS = NO;
				CLANG_ANALYZER_NONNULL = YES;
				CLANG_ANALYZER_NUMBER_OBJECT_CONVERSION = YES_AGGRESSIVE;
				CLANG_CXX_LANGUAGE_STANDARD = "gnu++17";
				CLANG_ENABLE_MODULES = YES;
				CLANG_ENABLE_OBJC_ARC = YES;
				CLANG_ENABLE_OBJC_WEAK = YES;
				CLANG_WARN_BLOCK_CAPTURE_AUTORELEASING = YES;
				CLANG_WARN_BOOL_CONVERSION = YES;
				CLANG_WARN_COMMA = YES;
				CLANG_WARN_CONSTANT_CONVERSION = YES;
				CLANG_WARN_DEPRECATED_OBJC_IMPLEMENTATIONS = YES;
				CLANG_WARN_DIRECT_OBJC_ISA_USAGE = YES_ERROR;
				CLANG_WARN_DOCUMENTATION_COMMENTS = YES;
				CLANG_WARN_EMPTY_BODY = YES;
				CLANG_WARN_ENUM_CONVERSION = YES;
				CLANG_WARN_INFINITE_RECURSION = YES;
				CLANG_WARN_INT_CONVERSION = YES;
				CLANG_WARN_NON_LITERAL_NULL_CONVERSION = YES;
				CLANG_WARN_OBJC_IMPLICIT_RETAIN_SELF = YES;
				CLANG_WARN_OBJC_LITERAL_CONVERSION = YES;
				CLANG_WARN_OBJC_ROOT_CLASS = YES_ERROR;
				CLANG_WARN_QUOTED_INCLUDE_IN_FRAMEWORK_HEADER = YES;
				CLANG_WARN_RANGE_LOOP_ANALYSIS = YES;
				CLANG_WARN_STRICT_PROTOTYPES = YES;
				CLANG_WARN_SUSPICIOUS_MOVE = YES;
				CLANG_WARN_UNGUARDED_AVAILABILITY = YES_AGGRESSIVE;
				CLANG_WARN_UNREACHABLE_CODE = YES;
				CLANG_WARN__DUPLICATE_METHOD_MATCH = YES;
				COPY_PHASE_STRIP = NO;
				DEBUG_INFORMATION_FORMAT = dwarf;
				ENABLE_STRICT_OBJC_MSGSEND = YES;
				ENABLE_TESTABILITY = YES;
				GCC_C_LANGUAGE_STANDARD = gnu11;
				GCC_DYNAMIC_NO_PIC = NO;
				GCC_NO_COMMON_BLOCKS = YES;
				GCC_OPTIMIZATION_LEVEL = 0;
				GCC_PREPROCESSOR_DEFINITIONS = (
					"DEBUG=1",
					"$(inherited)",
				);
				GCC_WARN_64_TO_32_BIT_CONVERSION = YES;
				GCC_WARN_ABOUT_RETURN_TYPE = YES_ERROR;
				GCC_WARN_UNDECLARED_SELECTOR = YES;
				GCC_WARN_UNINITIALIZED_AUTOS = YES_AGGRESSIVE;
				GCC_WARN_UNUSED_FUNCTION = YES;
				GCC_WARN_UNUSED_VARIABLE = YES;
				IPHONEOS_DEPLOYMENT_TARGET = 15.0;
				MTL_ENABLE_DEBUG_INFO = INCLUDE_SOURCE;
				MTL_FAST_MATH = YES;
				ONLY_ACTIVE_ARCH = YES;
				SDKROOT = iphoneos;
				SWIFT_ACTIVE_COMPILATION_CONDITIONS = DEBUG;
				SWIFT_OPTIMIZATION_LEVEL = "-Onone";
			};
			name = Debug;
		};
		A5FC807D2805DCF20091FFF0 /* Release */ = {
			isa = XCBuildConfiguration;
			buildSettings = {
				ALWAYS_SEARCH_USER_PATHS = NO;
				CLANG_ANALYZER_NONNULL = YES;
				CLANG_ANALYZER_NUMBER_OBJECT_CONVERSION = YES_AGGRESSIVE;
				CLANG_CXX_LANGUAGE_STANDARD = "gnu++17";
				CLANG_ENABLE_MODULES = YES;
				CLANG_ENABLE_OBJC_ARC = YES;
				CLANG_ENABLE_OBJC_WEAK = YES;
				CLANG_WARN_BLOCK_CAPTURE_AUTORELEASING = YES;
				CLANG_WARN_BOOL_CONVERSION = YES;
				CLANG_WARN_COMMA = YES;
				CLANG_WARN_CONSTANT_CONVERSION = YES;
				CLANG_WARN_DEPRECATED_OBJC_IMPLEMENTATIONS = YES;
				CLANG_WARN_DIRECT_OBJC_ISA_USAGE = YES_ERROR;
				CLANG_WARN_DOCUMENTATION_COMMENTS = YES;
				CLANG_WARN_EMPTY_BODY = YES;
				CLANG_WARN_ENUM_CONVERSION = YES;
				CLANG_WARN_INFINITE_RECURSION = YES;
				CLANG_WARN_INT_CONVERSION = YES;
				CLANG_WARN_NON_LITERAL_NULL_CONVERSION = YES;
				CLANG_WARN_OBJC_IMPLICIT_RETAIN_SELF = YES;
				CLANG_WARN_OBJC_LITERAL_CONVERSION = YES;
				CLANG_WARN_OBJC_ROOT_CLASS = YES_ERROR;
				CLANG_WARN_QUOTED_INCLUDE_IN_FRAMEWORK_HEADER = YES;
				CLANG_WARN_RANGE_LOOP_ANALYSIS = YES;
				CLANG_WARN_STRICT_PROTOTYPES = YES;
				CLANG_WARN_SUSPICIOUS_MOVE = YES;
				CLANG_WARN_UNGUARDED_AVAILABILITY = YES_AGGRESSIVE;
				CLANG_WARN_UNREACHABLE_CODE = YES;
				CLANG_WARN__DUPLICATE_METHOD_MATCH = YES;
				COPY_PHASE_STRIP = NO;
				DEBUG_INFORMATION_FORMAT = "dwarf-with-dsym";
				ENABLE_NS_ASSERTIONS = NO;
				ENABLE_STRICT_OBJC_MSGSEND = YES;
				GCC_C_LANGUAGE_STANDARD = gnu11;
				GCC_NO_COMMON_BLOCKS = YES;
				GCC_WARN_64_TO_32_BIT_CONVERSION = YES;
				GCC_WARN_ABOUT_RETURN_TYPE = YES_ERROR;
				GCC_WARN_UNDECLARED_SELECTOR = YES;
				GCC_WARN_UNINITIALIZED_AUTOS = YES_AGGRESSIVE;
				GCC_WARN_UNUSED_FUNCTION = YES;
				GCC_WARN_UNUSED_VARIABLE = YES;
				IPHONEOS_DEPLOYMENT_TARGET = 15.0;
				MTL_ENABLE_DEBUG_INFO = NO;
				MTL_FAST_MATH = YES;
				SDKROOT = iphoneos;
				SWIFT_COMPILATION_MODE = wholemodule;
				SWIFT_OPTIMIZATION_LEVEL = "-O";
				VALIDATE_PRODUCT = YES;
			};
			name = Release;
		};
		A5FC807F2805DCF20091FFF0 /* Debug */ = {
			isa = XCBuildConfiguration;
			buildSettings = {
				ALWAYS_EMBED_SWIFT_STANDARD_LIBRARIES = YES;
				ASSETCATALOG_COMPILER_APPICON_NAME = AppIcon;
				ASSETCATALOG_COMPILER_GLOBAL_ACCENT_COLOR_NAME = AccentColor;
				CODE_SIGN_STYLE = Automatic;
				CURRENT_PROJECT_VERSION = 1;
				DEVELOPMENT_ASSET_PATHS = "\"ModularSlothCreator/Preview Content\"";
				DEVELOPMENT_TEAM = C3BX32XR8J;
				ENABLE_PREVIEWS = YES;
				GENERATE_INFOPLIST_FILE = YES;
				INFOPLIST_KEY_UIApplicationSceneManifest_Generation = YES;
				INFOPLIST_KEY_UIApplicationSupportsIndirectInputEvents = YES;
				INFOPLIST_KEY_UILaunchScreen_Generation = YES;
				INFOPLIST_KEY_UISupportedInterfaceOrientations_iPad = "UIInterfaceOrientationPortrait UIInterfaceOrientationPortraitUpsideDown UIInterfaceOrientationLandscapeLeft UIInterfaceOrientationLandscapeRight";
				INFOPLIST_KEY_UISupportedInterfaceOrientations_iPhone = "UIInterfaceOrientationPortrait UIInterfaceOrientationLandscapeLeft UIInterfaceOrientationLandscapeRight";
				LD_RUNPATH_SEARCH_PATHS = (
					"$(inherited)",
					"@executable_path/Frameworks",
				);
				MARKETING_VERSION = 1.0;
				PRODUCT_BUNDLE_IDENTIFIER = com.kasprasolutions.ModularSlothCreator;
				PRODUCT_NAME = "$(TARGET_NAME)";
				RUN_DOCUMENTATION_COMPILER = YES;
				SWIFT_EMIT_LOC_STRINGS = YES;
				SWIFT_VERSION = 5.0;
				TARGETED_DEVICE_FAMILY = "1,2";
			};
			name = Debug;
		};
		A5FC80802805DCF20091FFF0 /* Release */ = {
			isa = XCBuildConfiguration;
			buildSettings = {
				ALWAYS_EMBED_SWIFT_STANDARD_LIBRARIES = YES;
				ASSETCATALOG_COMPILER_APPICON_NAME = AppIcon;
				ASSETCATALOG_COMPILER_GLOBAL_ACCENT_COLOR_NAME = AccentColor;
				CODE_SIGN_STYLE = Automatic;
				CURRENT_PROJECT_VERSION = 1;
				DEVELOPMENT_ASSET_PATHS = "\"ModularSlothCreator/Preview Content\"";
				DEVELOPMENT_TEAM = C3BX32XR8J;
				ENABLE_PREVIEWS = YES;
				GENERATE_INFOPLIST_FILE = YES;
				INFOPLIST_KEY_UIApplicationSceneManifest_Generation = YES;
				INFOPLIST_KEY_UIApplicationSupportsIndirectInputEvents = YES;
				INFOPLIST_KEY_UILaunchScreen_Generation = YES;
				INFOPLIST_KEY_UISupportedInterfaceOrientations_iPad = "UIInterfaceOrientationPortrait UIInterfaceOrientationPortraitUpsideDown UIInterfaceOrientationLandscapeLeft UIInterfaceOrientationLandscapeRight";
				INFOPLIST_KEY_UISupportedInterfaceOrientations_iPhone = "UIInterfaceOrientationPortrait UIInterfaceOrientationLandscapeLeft UIInterfaceOrientationLandscapeRight";
				LD_RUNPATH_SEARCH_PATHS = (
					"$(inherited)",
					"@executable_path/Frameworks",
				);
				MARKETING_VERSION = 1.0;
				PRODUCT_BUNDLE_IDENTIFIER = com.kasprasolutions.ModularSlothCreator;
				PRODUCT_NAME = "$(TARGET_NAME)";
				RUN_DOCUMENTATION_COMPILER = YES;
				SWIFT_EMIT_LOC_STRINGS = YES;
				SWIFT_VERSION = 5.0;
				TARGETED_DEVICE_FAMILY = "1,2";
			};
			name = Release;
		};
		A5FC80912805DD720091FFF0 /* Debug */ = {
			isa = XCBuildConfiguration;
			buildSettings = {
				CODE_SIGN_STYLE = Automatic;
				CURRENT_PROJECT_VERSION = 1;
				DEFINES_MODULE = YES;
				DEVELOPMENT_TEAM = C3BX32XR8J;
				DYLIB_COMPATIBILITY_VERSION = 1;
				DYLIB_CURRENT_VERSION = 1;
				DYLIB_INSTALL_NAME_BASE = "@rpath";
				GENERATE_INFOPLIST_FILE = YES;
				INFOPLIST_KEY_NSHumanReadableCopyright = "";
				INSTALL_PATH = "$(LOCAL_LIBRARY_DIR)/Frameworks";
				LD_RUNPATH_SEARCH_PATHS = (
					"$(inherited)",
					"@executable_path/Frameworks",
					"@loader_path/Frameworks",
				);
				MARKETING_VERSION = 1.0;
				PRODUCT_BUNDLE_IDENTIFIER = com.kasprasolutions.Creation;
				PRODUCT_NAME = "$(TARGET_NAME:c99extidentifier)";
				RUN_DOCUMENTATION_COMPILER = YES;
				SKIP_INSTALL = YES;
				SWIFT_EMIT_LOC_STRINGS = YES;
				SWIFT_VERSION = 5.0;
				TARGETED_DEVICE_FAMILY = "1,2";
				VERSIONING_SYSTEM = "apple-generic";
				VERSION_INFO_PREFIX = "";
			};
			name = Debug;
		};
		A5FC80922805DD720091FFF0 /* Release */ = {
			isa = XCBuildConfiguration;
			buildSettings = {
				CODE_SIGN_STYLE = Automatic;
				CURRENT_PROJECT_VERSION = 1;
				DEFINES_MODULE = YES;
				DEVELOPMENT_TEAM = C3BX32XR8J;
				DYLIB_COMPATIBILITY_VERSION = 1;
				DYLIB_CURRENT_VERSION = 1;
				DYLIB_INSTALL_NAME_BASE = "@rpath";
				GENERATE_INFOPLIST_FILE = YES;
				INFOPLIST_KEY_NSHumanReadableCopyright = "";
				INSTALL_PATH = "$(LOCAL_LIBRARY_DIR)/Frameworks";
				LD_RUNPATH_SEARCH_PATHS = (
					"$(inherited)",
					"@executable_path/Frameworks",
					"@loader_path/Frameworks",
				);
				MARKETING_VERSION = 1.0;
				PRODUCT_BUNDLE_IDENTIFIER = com.kasprasolutions.Creation;
				PRODUCT_NAME = "$(TARGET_NAME:c99extidentifier)";
				RUN_DOCUMENTATION_COMPILER = YES;
				SKIP_INSTALL = YES;
				SWIFT_EMIT_LOC_STRINGS = YES;
				SWIFT_VERSION = 5.0;
				TARGETED_DEVICE_FAMILY = "1,2";
				VERSIONING_SYSTEM = "apple-generic";
				VERSION_INFO_PREFIX = "";
			};
			name = Release;
		};
		A5FC80A82805DF540091FFF0 /* Debug */ = {
			isa = XCBuildConfiguration;
			buildSettings = {
				CODE_SIGN_STYLE = Automatic;
				CURRENT_PROJECT_VERSION = 1;
				DEFINES_MODULE = YES;
				DEVELOPMENT_TEAM = C3BX32XR8J;
				DYLIB_COMPATIBILITY_VERSION = 1;
				DYLIB_CURRENT_VERSION = 1;
				DYLIB_INSTALL_NAME_BASE = "@rpath";
				GENERATE_INFOPLIST_FILE = YES;
				INFOPLIST_KEY_NSHumanReadableCopyright = "";
				INSTALL_PATH = "$(LOCAL_LIBRARY_DIR)/Frameworks";
				LD_RUNPATH_SEARCH_PATHS = (
					"$(inherited)",
					"@executable_path/Frameworks",
					"@loader_path/Frameworks",
				);
				MARKETING_VERSION = 1.0;
				PRODUCT_BUNDLE_IDENTIFIER = com.kasprasolutions.Care;
				PRODUCT_NAME = "$(TARGET_NAME:c99extidentifier)";
				RUN_DOCUMENTATION_COMPILER = YES;
				SKIP_INSTALL = YES;
				SWIFT_EMIT_LOC_STRINGS = YES;
				SWIFT_VERSION = 5.0;
				TARGETED_DEVICE_FAMILY = "1,2";
				VERSIONING_SYSTEM = "apple-generic";
				VERSION_INFO_PREFIX = "";
			};
			name = Debug;
		};
		A5FC80A92805DF540091FFF0 /* Release */ = {
			isa = XCBuildConfiguration;
			buildSettings = {
				CODE_SIGN_STYLE = Automatic;
				CURRENT_PROJECT_VERSION = 1;
				DEFINES_MODULE = YES;
				DEVELOPMENT_TEAM = C3BX32XR8J;
				DYLIB_COMPATIBILITY_VERSION = 1;
				DYLIB_CURRENT_VERSION = 1;
				DYLIB_INSTALL_NAME_BASE = "@rpath";
				GENERATE_INFOPLIST_FILE = YES;
				INFOPLIST_KEY_NSHumanReadableCopyright = "";
				INSTALL_PATH = "$(LOCAL_LIBRARY_DIR)/Frameworks";
				LD_RUNPATH_SEARCH_PATHS = (
					"$(inherited)",
					"@executable_path/Frameworks",
					"@loader_path/Frameworks",
				);
				MARKETING_VERSION = 1.0;
				PRODUCT_BUNDLE_IDENTIFIER = com.kasprasolutions.Care;
				PRODUCT_NAME = "$(TARGET_NAME:c99extidentifier)";
				RUN_DOCUMENTATION_COMPILER = YES;
				SKIP_INSTALL = YES;
				SWIFT_EMIT_LOC_STRINGS = YES;
				SWIFT_VERSION = 5.0;
				TARGETED_DEVICE_FAMILY = "1,2";
				VERSIONING_SYSTEM = "apple-generic";
				VERSION_INFO_PREFIX = "";
			};
			name = Release;
		};
		A5FC80C02805DFA90091FFF0 /* Debug */ = {
			isa = XCBuildConfiguration;
			buildSettings = {
				CODE_SIGN_STYLE = Automatic;
				CURRENT_PROJECT_VERSION = 1;
				DEFINES_MODULE = YES;
				DEVELOPMENT_TEAM = C3BX32XR8J;
				DYLIB_COMPATIBILITY_VERSION = 1;
				DYLIB_CURRENT_VERSION = 1;
				DYLIB_INSTALL_NAME_BASE = "@rpath";
				GENERATE_INFOPLIST_FILE = YES;
				INFOPLIST_KEY_NSHumanReadableCopyright = "";
				INSTALL_PATH = "$(LOCAL_LIBRARY_DIR)/Frameworks";
				LD_RUNPATH_SEARCH_PATHS = (
					"$(inherited)",
					"@executable_path/Frameworks",
					"@loader_path/Frameworks",
				);
				MARKETING_VERSION = 1.0;
				PRODUCT_BUNDLE_IDENTIFIER = com.kasprasolutions.Models;
				PRODUCT_NAME = "$(TARGET_NAME:c99extidentifier)";
				RUN_DOCUMENTATION_COMPILER = YES;
				SKIP_INSTALL = YES;
				SWIFT_EMIT_LOC_STRINGS = YES;
				SWIFT_VERSION = 5.0;
				TARGETED_DEVICE_FAMILY = "1,2";
				VERSIONING_SYSTEM = "apple-generic";
				VERSION_INFO_PREFIX = "";
			};
			name = Debug;
		};
		A5FC80C12805DFA90091FFF0 /* Release */ = {
			isa = XCBuildConfiguration;
			buildSettings = {
				CODE_SIGN_STYLE = Automatic;
				CURRENT_PROJECT_VERSION = 1;
				DEFINES_MODULE = YES;
				DEVELOPMENT_TEAM = C3BX32XR8J;
				DYLIB_COMPATIBILITY_VERSION = 1;
				DYLIB_CURRENT_VERSION = 1;
				DYLIB_INSTALL_NAME_BASE = "@rpath";
				GENERATE_INFOPLIST_FILE = YES;
				INFOPLIST_KEY_NSHumanReadableCopyright = "";
				INSTALL_PATH = "$(LOCAL_LIBRARY_DIR)/Frameworks";
				LD_RUNPATH_SEARCH_PATHS = (
					"$(inherited)",
					"@executable_path/Frameworks",
					"@loader_path/Frameworks",
				);
				MARKETING_VERSION = 1.0;
				PRODUCT_BUNDLE_IDENTIFIER = com.kasprasolutions.Models;
				PRODUCT_NAME = "$(TARGET_NAME:c99extidentifier)";
				RUN_DOCUMENTATION_COMPILER = YES;
				SKIP_INSTALL = YES;
				SWIFT_EMIT_LOC_STRINGS = YES;
				SWIFT_VERSION = 5.0;
				TARGETED_DEVICE_FAMILY = "1,2";
				VERSIONING_SYSTEM = "apple-generic";
				VERSION_INFO_PREFIX = "";
			};
			name = Release;
		};
		A5FC80DC2805E01D0091FFF0 /* Debug */ = {
			isa = XCBuildConfiguration;
			buildSettings = {
				CODE_SIGN_STYLE = Automatic;
				CURRENT_PROJECT_VERSION = 1;
				DEFINES_MODULE = YES;
				DEVELOPMENT_TEAM = C3BX32XR8J;
				DYLIB_COMPATIBILITY_VERSION = 1;
				DYLIB_CURRENT_VERSION = 1;
				DYLIB_INSTALL_NAME_BASE = "@rpath";
				GENERATE_INFOPLIST_FILE = YES;
				INFOPLIST_KEY_NSHumanReadableCopyright = "";
				INSTALL_PATH = "$(LOCAL_LIBRARY_DIR)/Frameworks";
				LD_RUNPATH_SEARCH_PATHS = (
					"$(inherited)",
					"@executable_path/Frameworks",
					"@loader_path/Frameworks",
				);
				MARKETING_VERSION = 1.0;
				PRODUCT_BUNDLE_IDENTIFIER = com.kasprasolutions.Viewing;
				PRODUCT_NAME = "$(TARGET_NAME:c99extidentifier)";
				RUN_DOCUMENTATION_COMPILER = YES;
				SKIP_INSTALL = YES;
				SWIFT_EMIT_LOC_STRINGS = YES;
				SWIFT_VERSION = 5.0;
				TARGETED_DEVICE_FAMILY = "1,2";
				VERSIONING_SYSTEM = "apple-generic";
				VERSION_INFO_PREFIX = "";
			};
			name = Debug;
		};
		A5FC80DD2805E01D0091FFF0 /* Release */ = {
			isa = XCBuildConfiguration;
			buildSettings = {
				CODE_SIGN_STYLE = Automatic;
				CURRENT_PROJECT_VERSION = 1;
				DEFINES_MODULE = YES;
				DEVELOPMENT_TEAM = C3BX32XR8J;
				DYLIB_COMPATIBILITY_VERSION = 1;
				DYLIB_CURRENT_VERSION = 1;
				DYLIB_INSTALL_NAME_BASE = "@rpath";
				GENERATE_INFOPLIST_FILE = YES;
				INFOPLIST_KEY_NSHumanReadableCopyright = "";
				INSTALL_PATH = "$(LOCAL_LIBRARY_DIR)/Frameworks";
				LD_RUNPATH_SEARCH_PATHS = (
					"$(inherited)",
					"@executable_path/Frameworks",
					"@loader_path/Frameworks",
				);
				MARKETING_VERSION = 1.0;
				PRODUCT_BUNDLE_IDENTIFIER = com.kasprasolutions.Viewing;
				PRODUCT_NAME = "$(TARGET_NAME:c99extidentifier)";
				RUN_DOCUMENTATION_COMPILER = YES;
				SKIP_INSTALL = YES;
				SWIFT_EMIT_LOC_STRINGS = YES;
				SWIFT_VERSION = 5.0;
				TARGETED_DEVICE_FAMILY = "1,2";
				VERSIONING_SYSTEM = "apple-generic";
				VERSION_INFO_PREFIX = "";
			};
			name = Release;
		};
/* End XCBuildConfiguration section */

/* Begin XCConfigurationList section */
		A52300FD2811A50200CE36C6 /* Build configuration list for PBXNativeTarget "ModularSlothCreatorUITests" */ = {
			isa = XCConfigurationList;
			buildConfigurations = (
				A52300FE2811A50200CE36C6 /* Debug */,
				A52300FF2811A50200CE36C6 /* Release */,
			);
			defaultConfigurationIsVisible = 0;
			defaultConfigurationName = Release;
		};
		A523010B2811A68100CE36C6 /* Build configuration list for PBXNativeTarget "CareTests" */ = {
			isa = XCConfigurationList;
			buildConfigurations = (
				A523010C2811A68100CE36C6 /* Debug */,
				A523010D2811A68100CE36C6 /* Release */,
			);
			defaultConfigurationIsVisible = 0;
			defaultConfigurationName = Release;
		};
		A5FC806B2805DCF10091FFF0 /* Build configuration list for PBXProject "ModularSlothCreator" */ = {
			isa = XCConfigurationList;
			buildConfigurations = (
				A5FC807C2805DCF20091FFF0 /* Debug */,
				A5FC807D2805DCF20091FFF0 /* Release */,
			);
			defaultConfigurationIsVisible = 0;
			defaultConfigurationName = Release;
		};
		A5FC807E2805DCF20091FFF0 /* Build configuration list for PBXNativeTarget "ModularSlothCreator" */ = {
			isa = XCConfigurationList;
			buildConfigurations = (
				A5FC807F2805DCF20091FFF0 /* Debug */,
				A5FC80802805DCF20091FFF0 /* Release */,
			);
			defaultConfigurationIsVisible = 0;
			defaultConfigurationName = Release;
		};
		A5FC80932805DD720091FFF0 /* Build configuration list for PBXNativeTarget "Creation" */ = {
			isa = XCConfigurationList;
			buildConfigurations = (
				A5FC80912805DD720091FFF0 /* Debug */,
				A5FC80922805DD720091FFF0 /* Release */,
			);
			defaultConfigurationIsVisible = 0;
			defaultConfigurationName = Release;
		};
		A5FC80A72805DF540091FFF0 /* Build configuration list for PBXNativeTarget "Care" */ = {
			isa = XCConfigurationList;
			buildConfigurations = (
				A5FC80A82805DF540091FFF0 /* Debug */,
				A5FC80A92805DF540091FFF0 /* Release */,
			);
			defaultConfigurationIsVisible = 0;
			defaultConfigurationName = Release;
		};
		A5FC80BF2805DFA90091FFF0 /* Build configuration list for PBXNativeTarget "Models" */ = {
			isa = XCConfigurationList;
			buildConfigurations = (
				A5FC80C02805DFA90091FFF0 /* Debug */,
				A5FC80C12805DFA90091FFF0 /* Release */,
			);
			defaultConfigurationIsVisible = 0;
			defaultConfigurationName = Release;
		};
		A5FC80DB2805E01D0091FFF0 /* Build configuration list for PBXNativeTarget "Viewing" */ = {
			isa = XCConfigurationList;
			buildConfigurations = (
				A5FC80DC2805E01D0091FFF0 /* Debug */,
				A5FC80DD2805E01D0091FFF0 /* Release */,
			);
			defaultConfigurationIsVisible = 0;
			defaultConfigurationName = Release;
		};
/* End XCConfigurationList section */
	};
	rootObject = A5FC80682805DCF10091FFF0 /* Project object */;
}
